// !$*UTF8*$!
{
	archiveVersion = 1;
	classes = {
	};
	objectVersion = 56;
	objects = {

/* Begin PBXBuildFile section */
		10007D912B57F1DC00E588D8 /* Movies.swift in Sources */ = {isa = PBXBuildFile; fileRef = 10007D902B57F1DC00E588D8 /* Movies.swift */; };
		10007D932B58EA4000E588D8 /* MovieManager.swift in Sources */ = {isa = PBXBuildFile; fileRef = 10007D922B58EA4000E588D8 /* MovieManager.swift */; };
		10007D982B58F61900E588D8 /* CaroselCell.swift in Sources */ = {isa = PBXBuildFile; fileRef = 10007D972B58F61900E588D8 /* CaroselCell.swift */; };
		10719DEC2B56627400990C33 /* CategoryModel.swift in Sources */ = {isa = PBXBuildFile; fileRef = 10719DEB2B56627400990C33 /* CategoryModel.swift */; };
		1074F3E12B61124500B44459 /* ImageExtension.swift in Sources */ = {isa = PBXBuildFile; fileRef = 1074F3E02B61124500B44459 /* ImageExtension.swift */; };
		1074F3E42B612DA300B44459 /* CategoriesCell.swift in Sources */ = {isa = PBXBuildFile; fileRef = 1074F3E32B612DA300B44459 /* CategoriesCell.swift */; };
		108882E12B539A0B008CAA64 /* AppDelegate.swift in Sources */ = {isa = PBXBuildFile; fileRef = 108882E02B539A0B008CAA64 /* AppDelegate.swift */; };
		108882E32B539A0B008CAA64 /* SceneDelegate.swift in Sources */ = {isa = PBXBuildFile; fileRef = 108882E22B539A0B008CAA64 /* SceneDelegate.swift */; };
		108882E52B539A0B008CAA64 /* HomeViewController.swift in Sources */ = {isa = PBXBuildFile; fileRef = 108882E42B539A0B008CAA64 /* HomeViewController.swift */; };
		108882E82B539A0B008CAA64 /* Main.storyboard in Resources */ = {isa = PBXBuildFile; fileRef = 108882E62B539A0B008CAA64 /* Main.storyboard */; };
		108882EA2B539A0D008CAA64 /* Assets.xcassets in Resources */ = {isa = PBXBuildFile; fileRef = 108882E92B539A0D008CAA64 /* Assets.xcassets */; };
		108882ED2B539A0D008CAA64 /* LaunchScreen.storyboard in Resources */ = {isa = PBXBuildFile; fileRef = 108882EB2B539A0D008CAA64 /* LaunchScreen.storyboard */; };
		108882FC2B539F0F008CAA64 /* HeadingViewController.swift in Sources */ = {isa = PBXBuildFile; fileRef = 108882FA2B539F0F008CAA64 /* HeadingViewController.swift */; };
		108882FD2B539F0F008CAA64 /* HeadingViewController.xib in Resources */ = {isa = PBXBuildFile; fileRef = 108882FB2B539F0F008CAA64 /* HeadingViewController.xib */; };
		108883032B53A5EB008CAA64 /* CollectionTableViewCell.swift in Sources */ = {isa = PBXBuildFile; fileRef = 108883012B53A5EB008CAA64 /* CollectionTableViewCell.swift */; };
		108883042B53A5EB008CAA64 /* CollectionTableViewCell.xib in Resources */ = {isa = PBXBuildFile; fileRef = 108883022B53A5EB008CAA64 /* CollectionTableViewCell.xib */; };
		108883072B53B6C1008CAA64 /* TVChannelModel.swift in Sources */ = {isa = PBXBuildFile; fileRef = 108883062B53B6C1008CAA64 /* TVChannelModel.swift */; };
		1088830A2B53DEA2008CAA64 /* TVCollectionViewCell.swift in Sources */ = {isa = PBXBuildFile; fileRef = 108883082B53DEA2008CAA64 /* TVCollectionViewCell.swift */; };
		1088830B2B53DEA2008CAA64 /* TVCollectionViewCell.xib in Resources */ = {isa = PBXBuildFile; fileRef = 108883092B53DEA2008CAA64 /* TVCollectionViewCell.xib */; };
		109976B92B55110D00205D96 /* CategoriesCollectionViewCell.swift in Sources */ = {isa = PBXBuildFile; fileRef = 109976B72B55110D00205D96 /* CategoriesCollectionViewCell.swift */; };
		109976BA2B55110D00205D96 /* CategoriesCollectionViewCell.xib in Resources */ = {isa = PBXBuildFile; fileRef = 109976B82B55110D00205D96 /* CategoriesCollectionViewCell.xib */; };
		109976BD2B55113A00205D96 /* CategoriesTableViewCell.swift in Sources */ = {isa = PBXBuildFile; fileRef = 109976BB2B55113A00205D96 /* CategoriesTableViewCell.swift */; };
		109976BE2B55113A00205D96 /* CategoriesTableViewCell.xib in Resources */ = {isa = PBXBuildFile; fileRef = 109976BC2B55113A00205D96 /* CategoriesTableViewCell.xib */; };
		10C6C1772B5FD536007C88CC /* TVCell.swift in Sources */ = {isa = PBXBuildFile; fileRef = 10C6C1762B5FD536007C88CC /* TVCell.swift */; };
		10C6C1792B5FD618007C88CC /* MovieCell.swift in Sources */ = {isa = PBXBuildFile; fileRef = 10C6C1782B5FD618007C88CC /* MovieCell.swift */; };
/* End PBXBuildFile section */

/* Begin PBXFileReference section */
		10007D902B57F1DC00E588D8 /* Movies.swift */ = {isa = PBXFileReference; lastKnownFileType = sourcecode.swift; path = Movies.swift; sourceTree = "<group>"; };
		10007D922B58EA4000E588D8 /* MovieManager.swift */ = {isa = PBXFileReference; lastKnownFileType = sourcecode.swift; path = MovieManager.swift; sourceTree = "<group>"; };
		10007D972B58F61900E588D8 /* CaroselCell.swift */ = {isa = PBXFileReference; lastKnownFileType = sourcecode.swift; path = CaroselCell.swift; sourceTree = "<group>"; };
		10719DEB2B56627400990C33 /* CategoryModel.swift */ = {isa = PBXFileReference; lastKnownFileType = sourcecode.swift; path = CategoryModel.swift; sourceTree = "<group>"; };
		1074F3E02B61124500B44459 /* ImageExtension.swift */ = {isa = PBXFileReference; lastKnownFileType = sourcecode.swift; path = ImageExtension.swift; sourceTree = "<group>"; };
		1074F3E32B612DA300B44459 /* CategoriesCell.swift */ = {isa = PBXFileReference; lastKnownFileType = sourcecode.swift; path = CategoriesCell.swift; sourceTree = "<group>"; };
		108882DD2B539A0B008CAA64 /* Toffee.app */ = {isa = PBXFileReference; explicitFileType = wrapper.application; includeInIndex = 0; path = Toffee.app; sourceTree = BUILT_PRODUCTS_DIR; };
		108882E02B539A0B008CAA64 /* AppDelegate.swift */ = {isa = PBXFileReference; lastKnownFileType = sourcecode.swift; path = AppDelegate.swift; sourceTree = "<group>"; };
		108882E22B539A0B008CAA64 /* SceneDelegate.swift */ = {isa = PBXFileReference; lastKnownFileType = sourcecode.swift; path = SceneDelegate.swift; sourceTree = "<group>"; };
		108882E42B539A0B008CAA64 /* HomeViewController.swift */ = {isa = PBXFileReference; lastKnownFileType = sourcecode.swift; path = HomeViewController.swift; sourceTree = "<group>"; };
		108882E72B539A0B008CAA64 /* Base */ = {isa = PBXFileReference; lastKnownFileType = file.storyboard; name = Base; path = Base.lproj/Main.storyboard; sourceTree = "<group>"; };
		108882E92B539A0D008CAA64 /* Assets.xcassets */ = {isa = PBXFileReference; lastKnownFileType = folder.assetcatalog; path = Assets.xcassets; sourceTree = "<group>"; };
		108882EC2B539A0D008CAA64 /* Base */ = {isa = PBXFileReference; lastKnownFileType = file.storyboard; name = Base; path = Base.lproj/LaunchScreen.storyboard; sourceTree = "<group>"; };
		108882EE2B539A0D008CAA64 /* Info.plist */ = {isa = PBXFileReference; lastKnownFileType = text.plist.xml; path = Info.plist; sourceTree = "<group>"; };
		108882FA2B539F0F008CAA64 /* HeadingViewController.swift */ = {isa = PBXFileReference; lastKnownFileType = sourcecode.swift; path = HeadingViewController.swift; sourceTree = "<group>"; };
		108882FB2B539F0F008CAA64 /* HeadingViewController.xib */ = {isa = PBXFileReference; lastKnownFileType = file.xib; path = HeadingViewController.xib; sourceTree = "<group>"; };
		108883012B53A5EB008CAA64 /* CollectionTableViewCell.swift */ = {isa = PBXFileReference; lastKnownFileType = sourcecode.swift; path = CollectionTableViewCell.swift; sourceTree = "<group>"; };
		108883022B53A5EB008CAA64 /* CollectionTableViewCell.xib */ = {isa = PBXFileReference; lastKnownFileType = file.xib; path = CollectionTableViewCell.xib; sourceTree = "<group>"; };
		108883062B53B6C1008CAA64 /* TVChannelModel.swift */ = {isa = PBXFileReference; lastKnownFileType = sourcecode.swift; path = TVChannelModel.swift; sourceTree = "<group>"; };
		108883082B53DEA2008CAA64 /* TVCollectionViewCell.swift */ = {isa = PBXFileReference; lastKnownFileType = sourcecode.swift; path = TVCollectionViewCell.swift; sourceTree = "<group>"; };
		108883092B53DEA2008CAA64 /* TVCollectionViewCell.xib */ = {isa = PBXFileReference; lastKnownFileType = file.xib; path = TVCollectionViewCell.xib; sourceTree = "<group>"; };
		109976B72B55110D00205D96 /* CategoriesCollectionViewCell.swift */ = {isa = PBXFileReference; lastKnownFileType = sourcecode.swift; path = CategoriesCollectionViewCell.swift; sourceTree = "<group>"; };
		109976B82B55110D00205D96 /* CategoriesCollectionViewCell.xib */ = {isa = PBXFileReference; lastKnownFileType = file.xib; path = CategoriesCollectionViewCell.xib; sourceTree = "<group>"; };
		109976BB2B55113A00205D96 /* CategoriesTableViewCell.swift */ = {isa = PBXFileReference; lastKnownFileType = sourcecode.swift; path = CategoriesTableViewCell.swift; sourceTree = "<group>"; };
		109976BC2B55113A00205D96 /* CategoriesTableViewCell.xib */ = {isa = PBXFileReference; lastKnownFileType = file.xib; path = CategoriesTableViewCell.xib; sourceTree = "<group>"; };
		10C6C1762B5FD536007C88CC /* TVCell.swift */ = {isa = PBXFileReference; lastKnownFileType = sourcecode.swift; path = TVCell.swift; sourceTree = "<group>"; };
		10C6C1782B5FD618007C88CC /* MovieCell.swift */ = {isa = PBXFileReference; lastKnownFileType = sourcecode.swift; path = MovieCell.swift; sourceTree = "<group>"; };
/* End PBXFileReference section */

/* Begin PBXFrameworksBuildPhase section */
		108882DA2B539A0B008CAA64 /* Frameworks */ = {
			isa = PBXFrameworksBuildPhase;
			buildActionMask = 2147483647;
			files = (
			);
			runOnlyForDeploymentPostprocessing = 0;
		};
/* End PBXFrameworksBuildPhase section */

/* Begin PBXGroup section */
		10007D8F2B57F19100E588D8 /* Model */ = {
			isa = PBXGroup;
			children = (
				10007D902B57F1DC00E588D8 /* Movies.swift */,
			);
			path = Model;
			sourceTree = "<group>";
		};
		10007D942B58F55B00E588D8 /* Cells */ = {
			isa = PBXGroup;
			children = (
				10007D972B58F61900E588D8 /* CaroselCell.swift */,
				10C6C1762B5FD536007C88CC /* TVCell.swift */,
				1074F3E32B612DA300B44459 /* CategoriesCell.swift */,
			);
			path = Cells;
			sourceTree = "<group>";
		};
		1074F3E22B612BB200B44459 /* Protocols */ = {
			isa = PBXGroup;
			children = (
				10C6C1782B5FD618007C88CC /* MovieCell.swift */,
			);
			path = Protocols;
			sourceTree = "<group>";
		};
		108882D42B539A0B008CAA64 = {
			isa = PBXGroup;
			children = (
				108882DF2B539A0B008CAA64 /* Toffee */,
				108882DE2B539A0B008CAA64 /* Products */,
			);
			sourceTree = "<group>";
		};
		108882DE2B539A0B008CAA64 /* Products */ = {
			isa = PBXGroup;
			children = (
				108882DD2B539A0B008CAA64 /* Toffee.app */,
			);
			name = Products;
			sourceTree = "<group>";
		};
		108882DF2B539A0B008CAA64 /* Toffee */ = {
			isa = PBXGroup;
			children = (
				10D3CC3F2B57DD940037A72D /* DataManagers */,
				10007D8F2B57F19100E588D8 /* Model */,
				1074F3E22B612BB200B44459 /* Protocols */,
				10D3CC3E2B57DD460037A72D /* Extensions */,
				10D3CC3B2B57A5210037A72D /* Previous */,
				10D3CC3C2B57DCB00037A72D /* Delegates */,
				108882F52B539CCE008CAA64 /* View */,
				108882F42B539C3A008CAA64 /* Controller */,
				10D3CC3D2B57DD140037A72D /* Resources */,
				108882EB2B539A0D008CAA64 /* LaunchScreen.storyboard */,
				108882EE2B539A0D008CAA64 /* Info.plist */,
			);
			path = Toffee;
			sourceTree = "<group>";
		};
		108882F42B539C3A008CAA64 /* Controller */ = {
			isa = PBXGroup;
			children = (
				108882F62B539E2B008CAA64 /* MainController */,
				10007D942B58F55B00E588D8 /* Cells */,
			);
			path = Controller;
			sourceTree = "<group>";
		};
		108882F52B539CCE008CAA64 /* View */ = {
			isa = PBXGroup;
			children = (
				108882E62B539A0B008CAA64 /* Main.storyboard */,
			);
			path = View;
			sourceTree = "<group>";
		};
		108882F62B539E2B008CAA64 /* MainController */ = {
			isa = PBXGroup;
			children = (
				108882E42B539A0B008CAA64 /* HomeViewController.swift */,
			);
			path = MainController;
			sourceTree = "<group>";
		};
		108882F72B539E3F008CAA64 /* SubController */ = {
			isa = PBXGroup;
			children = (
				108882FA2B539F0F008CAA64 /* HeadingViewController.swift */,
				108882FB2B539F0F008CAA64 /* HeadingViewController.xib */,
			);
			path = SubController;
			sourceTree = "<group>";
		};
		108882FE2B53A571008CAA64 /* TVController */ = {
			isa = PBXGroup;
			children = (
				108883002B53A586008CAA64 /* CollectionCell */,
				108882FF2B53A57A008CAA64 /* TableCell */,
			);
			path = TVController;
			sourceTree = "<group>";
		};
		108882FF2B53A57A008CAA64 /* TableCell */ = {
			isa = PBXGroup;
			children = (
				108883012B53A5EB008CAA64 /* CollectionTableViewCell.swift */,
				108883022B53A5EB008CAA64 /* CollectionTableViewCell.xib */,
			);
			path = TableCell;
			sourceTree = "<group>";
		};
		108883002B53A586008CAA64 /* CollectionCell */ = {
			isa = PBXGroup;
			children = (
				108883082B53DEA2008CAA64 /* TVCollectionViewCell.swift */,
				108883092B53DEA2008CAA64 /* TVCollectionViewCell.xib */,
			);
			path = CollectionCell;
			sourceTree = "<group>";
		};
		108883052B53B6A3008CAA64 /* Model */ = {
			isa = PBXGroup;
			children = (
				108883062B53B6C1008CAA64 /* TVChannelModel.swift */,
				10719DEB2B56627400990C33 /* CategoryModel.swift */,
			);
			path = Model;
			sourceTree = "<group>";
		};
		109976B42B5508ED00205D96 /* CategoriesController */ = {
			isa = PBXGroup;
			children = (
				109976B62B5510C400205D96 /* CollectionCell */,
				109976B52B550C8C00205D96 /* TableCell */,
			);
			path = CategoriesController;
			sourceTree = "<group>";
		};
		109976B52B550C8C00205D96 /* TableCell */ = {
			isa = PBXGroup;
			children = (
				109976BB2B55113A00205D96 /* CategoriesTableViewCell.swift */,
				109976BC2B55113A00205D96 /* CategoriesTableViewCell.xib */,
			);
			path = TableCell;
			sourceTree = "<group>";
		};
		109976B62B5510C400205D96 /* CollectionCell */ = {
			isa = PBXGroup;
			children = (
				109976B72B55110D00205D96 /* CategoriesCollectionViewCell.swift */,
				109976B82B55110D00205D96 /* CategoriesCollectionViewCell.xib */,
			);
			path = CollectionCell;
			sourceTree = "<group>";
		};
		10D3CC3B2B57A5210037A72D /* Previous */ = {
			isa = PBXGroup;
			children = (
				108882F72B539E3F008CAA64 /* SubController */,
				108883052B53B6A3008CAA64 /* Model */,
				108882FE2B53A571008CAA64 /* TVController */,
				109976B42B5508ED00205D96 /* CategoriesController */,
			);
			path = Previous;
			sourceTree = "<group>";
		};
		10D3CC3C2B57DCB00037A72D /* Delegates */ = {
			isa = PBXGroup;
			children = (
				108882E02B539A0B008CAA64 /* AppDelegate.swift */,
				108882E22B539A0B008CAA64 /* SceneDelegate.swift */,
			);
			path = Delegates;
			sourceTree = "<group>";
		};
		10D3CC3D2B57DD140037A72D /* Resources */ = {
			isa = PBXGroup;
			children = (
				108882E92B539A0D008CAA64 /* Assets.xcassets */,
			);
			path = Resources;
			sourceTree = "<group>";
		};
		10D3CC3E2B57DD460037A72D /* Extensions */ = {
			isa = PBXGroup;
			children = (
				1074F3E02B61124500B44459 /* ImageExtension.swift */,
			);
			path = Extensions;
			sourceTree = "<group>";
		};
		10D3CC3F2B57DD940037A72D /* DataManagers */ = {
			isa = PBXGroup;
			children = (
				10007D922B58EA4000E588D8 /* MovieManager.swift */,
			);
			path = DataManagers;
			sourceTree = "<group>";
		};
/* End PBXGroup section */

/* Begin PBXNativeTarget section */
		108882DC2B539A0B008CAA64 /* Toffee */ = {
			isa = PBXNativeTarget;
			buildConfigurationList = 108882F12B539A0D008CAA64 /* Build configuration list for PBXNativeTarget "Toffee" */;
			buildPhases = (
				108882D92B539A0B008CAA64 /* Sources */,
				108882DA2B539A0B008CAA64 /* Frameworks */,
				108882DB2B539A0B008CAA64 /* Resources */,
			);
			buildRules = (
			);
			dependencies = (
			);
			name = Toffee;
			productName = Toffee;
			productReference = 108882DD2B539A0B008CAA64 /* Toffee.app */;
			productType = "com.apple.product-type.application";
		};
/* End PBXNativeTarget section */

/* Begin PBXProject section */
		108882D52B539A0B008CAA64 /* Project object */ = {
			isa = PBXProject;
			attributes = {
				BuildIndependentTargetsInParallel = 1;
				LastSwiftUpdateCheck = 1430;
				LastUpgradeCheck = 1430;
				TargetAttributes = {
					108882DC2B539A0B008CAA64 = {
						CreatedOnToolsVersion = 14.3.1;
					};
				};
			};
			buildConfigurationList = 108882D82B539A0B008CAA64 /* Build configuration list for PBXProject "Toffee" */;
			compatibilityVersion = "Xcode 14.0";
			developmentRegion = en;
			hasScannedForEncodings = 0;
			knownRegions = (
				en,
				Base,
			);
			mainGroup = 108882D42B539A0B008CAA64;
			productRefGroup = 108882DE2B539A0B008CAA64 /* Products */;
			projectDirPath = "";
			projectRoot = "";
			targets = (
				108882DC2B539A0B008CAA64 /* Toffee */,
			);
		};
/* End PBXProject section */

/* Begin PBXResourcesBuildPhase section */
		108882DB2B539A0B008CAA64 /* Resources */ = {
			isa = PBXResourcesBuildPhase;
			buildActionMask = 2147483647;
			files = (
				1088830B2B53DEA2008CAA64 /* TVCollectionViewCell.xib in Resources */,
				108883042B53A5EB008CAA64 /* CollectionTableViewCell.xib in Resources */,
				108882ED2B539A0D008CAA64 /* LaunchScreen.storyboard in Resources */,
				108882FD2B539F0F008CAA64 /* HeadingViewController.xib in Resources */,
				109976BA2B55110D00205D96 /* CategoriesCollectionViewCell.xib in Resources */,
				109976BE2B55113A00205D96 /* CategoriesTableViewCell.xib in Resources */,
				108882EA2B539A0D008CAA64 /* Assets.xcassets in Resources */,
				108882E82B539A0B008CAA64 /* Main.storyboard in Resources */,
			);
			runOnlyForDeploymentPostprocessing = 0;
		};
/* End PBXResourcesBuildPhase section */

/* Begin PBXSourcesBuildPhase section */
		108882D92B539A0B008CAA64 /* Sources */ = {
			isa = PBXSourcesBuildPhase;
			buildActionMask = 2147483647;
			files = (
				108883032B53A5EB008CAA64 /* CollectionTableViewCell.swift in Sources */,
				10007D912B57F1DC00E588D8 /* Movies.swift in Sources */,
				108882E52B539A0B008CAA64 /* HomeViewController.swift in Sources */,
				109976BD2B55113A00205D96 /* CategoriesTableViewCell.swift in Sources */,
				10007D932B58EA4000E588D8 /* MovieManager.swift in Sources */,
				10007D982B58F61900E588D8 /* CaroselCell.swift in Sources */,
				10719DEC2B56627400990C33 /* CategoryModel.swift in Sources */,
				1074F3E42B612DA300B44459 /* CategoriesCell.swift in Sources */,
				10C6C1772B5FD536007C88CC /* TVCell.swift in Sources */,
				10C6C1792B5FD618007C88CC /* MovieCell.swift in Sources */,
				109976B92B55110D00205D96 /* CategoriesCollectionViewCell.swift in Sources */,
				108882FC2B539F0F008CAA64 /* HeadingViewController.swift in Sources */,
				108882E12B539A0B008CAA64 /* AppDelegate.swift in Sources */,
				108882E32B539A0B008CAA64 /* SceneDelegate.swift in Sources */,
				108883072B53B6C1008CAA64 /* TVChannelModel.swift in Sources */,
				1088830A2B53DEA2008CAA64 /* TVCollectionViewCell.swift in Sources */,
				1074F3E12B61124500B44459 /* ImageExtension.swift in Sources */,
			);
			runOnlyForDeploymentPostprocessing = 0;
		};
/* End PBXSourcesBuildPhase section */

/* Begin PBXVariantGroup section */
		108882E62B539A0B008CAA64 /* Main.storyboard */ = {
			isa = PBXVariantGroup;
			children = (
				108882E72B539A0B008CAA64 /* Base */,
			);
			name = Main.storyboard;
			sourceTree = "<group>";
		};
		108882EB2B539A0D008CAA64 /* LaunchScreen.storyboard */ = {
			isa = PBXVariantGroup;
			children = (
				108882EC2B539A0D008CAA64 /* Base */,
			);
			name = LaunchScreen.storyboard;
			sourceTree = "<group>";
		};
/* End PBXVariantGroup section */

/* Begin XCBuildConfiguration section */
		108882EF2B539A0D008CAA64 /* Debug */ = {
			isa = XCBuildConfiguration;
			buildSettings = {
				ALWAYS_SEARCH_USER_PATHS = NO;
				CLANG_ANALYZER_NONNULL = YES;
				CLANG_ANALYZER_NUMBER_OBJECT_CONVERSION = YES_AGGRESSIVE;
				CLANG_CXX_LANGUAGE_STANDARD = "gnu++20";
				CLANG_ENABLE_MODULES = YES;
				CLANG_ENABLE_OBJC_ARC = YES;
				CLANG_ENABLE_OBJC_WEAK = YES;
				CLANG_WARN_BLOCK_CAPTURE_AUTORELEASING = YES;
				CLANG_WARN_BOOL_CONVERSION = YES;
				CLANG_WARN_COMMA = YES;
				CLANG_WARN_CONSTANT_CONVERSION = YES;
				CLANG_WARN_DEPRECATED_OBJC_IMPLEMENTATIONS = YES;
				CLANG_WARN_DIRECT_OBJC_ISA_USAGE = YES_ERROR;
				CLANG_WARN_DOCUMENTATION_COMMENTS = YES;
				CLANG_WARN_EMPTY_BODY = YES;
				CLANG_WARN_ENUM_CONVERSION = YES;
				CLANG_WARN_INFINITE_RECURSION = YES;
				CLANG_WARN_INT_CONVERSION = YES;
				CLANG_WARN_NON_LITERAL_NULL_CONVERSION = YES;
				CLANG_WARN_OBJC_IMPLICIT_RETAIN_SELF = YES;
				CLANG_WARN_OBJC_LITERAL_CONVERSION = YES;
				CLANG_WARN_OBJC_ROOT_CLASS = YES_ERROR;
				CLANG_WARN_QUOTED_INCLUDE_IN_FRAMEWORK_HEADER = YES;
				CLANG_WARN_RANGE_LOOP_ANALYSIS = YES;
				CLANG_WARN_STRICT_PROTOTYPES = YES;
				CLANG_WARN_SUSPICIOUS_MOVE = YES;
				CLANG_WARN_UNGUARDED_AVAILABILITY = YES_AGGRESSIVE;
				CLANG_WARN_UNREACHABLE_CODE = YES;
				CLANG_WARN__DUPLICATE_METHOD_MATCH = YES;
				COPY_PHASE_STRIP = NO;
				DEBUG_INFORMATION_FORMAT = dwarf;
				ENABLE_STRICT_OBJC_MSGSEND = YES;
				ENABLE_TESTABILITY = YES;
				GCC_C_LANGUAGE_STANDARD = gnu11;
				GCC_DYNAMIC_NO_PIC = NO;
				GCC_NO_COMMON_BLOCKS = YES;
				GCC_OPTIMIZATION_LEVEL = 0;
				GCC_PREPROCESSOR_DEFINITIONS = (
					"DEBUG=1",
					"$(inherited)",
				);
				GCC_WARN_64_TO_32_BIT_CONVERSION = YES;
				GCC_WARN_ABOUT_RETURN_TYPE = YES_ERROR;
				GCC_WARN_UNDECLARED_SELECTOR = YES;
				GCC_WARN_UNINITIALIZED_AUTOS = YES_AGGRESSIVE;
				GCC_WARN_UNUSED_FUNCTION = YES;
				GCC_WARN_UNUSED_VARIABLE = YES;
				IPHONEOS_DEPLOYMENT_TARGET = 14.0;
				MTL_ENABLE_DEBUG_INFO = INCLUDE_SOURCE;
				MTL_FAST_MATH = YES;
				ONLY_ACTIVE_ARCH = YES;
				SDKROOT = iphoneos;
				SWIFT_ACTIVE_COMPILATION_CONDITIONS = DEBUG;
				SWIFT_OPTIMIZATION_LEVEL = "-Onone";
			};
			name = Debug;
		};
		108882F02B539A0D008CAA64 /* Release */ = {
			isa = XCBuildConfiguration;
			buildSettings = {
				ALWAYS_SEARCH_USER_PATHS = NO;
				CLANG_ANALYZER_NONNULL = YES;
				CLANG_ANALYZER_NUMBER_OBJECT_CONVERSION = YES_AGGRESSIVE;
				CLANG_CXX_LANGUAGE_STANDARD = "gnu++20";
				CLANG_ENABLE_MODULES = YES;
				CLANG_ENABLE_OBJC_ARC = YES;
				CLANG_ENABLE_OBJC_WEAK = YES;
				CLANG_WARN_BLOCK_CAPTURE_AUTORELEASING = YES;
				CLANG_WARN_BOOL_CONVERSION = YES;
				CLANG_WARN_COMMA = YES;
				CLANG_WARN_CONSTANT_CONVERSION = YES;
				CLANG_WARN_DEPRECATED_OBJC_IMPLEMENTATIONS = YES;
				CLANG_WARN_DIRECT_OBJC_ISA_USAGE = YES_ERROR;
				CLANG_WARN_DOCUMENTATION_COMMENTS = YES;
				CLANG_WARN_EMPTY_BODY = YES;
				CLANG_WARN_ENUM_CONVERSION = YES;
				CLANG_WARN_INFINITE_RECURSION = YES;
				CLANG_WARN_INT_CONVERSION = YES;
				CLANG_WARN_NON_LITERAL_NULL_CONVERSION = YES;
				CLANG_WARN_OBJC_IMPLICIT_RETAIN_SELF = YES;
				CLANG_WARN_OBJC_LITERAL_CONVERSION = YES;
				CLANG_WARN_OBJC_ROOT_CLASS = YES_ERROR;
				CLANG_WARN_QUOTED_INCLUDE_IN_FRAMEWORK_HEADER = YES;
				CLANG_WARN_RANGE_LOOP_ANALYSIS = YES;
				CLANG_WARN_STRICT_PROTOTYPES = YES;
				CLANG_WARN_SUSPICIOUS_MOVE = YES;
				CLANG_WARN_UNGUARDED_AVAILABILITY = YES_AGGRESSIVE;
				CLANG_WARN_UNREACHABLE_CODE = YES;
				CLANG_WARN__DUPLICATE_METHOD_MATCH = YES;
				COPY_PHASE_STRIP = NO;
				DEBUG_INFORMATION_FORMAT = "dwarf-with-dsym";
				ENABLE_NS_ASSERTIONS = NO;
				ENABLE_STRICT_OBJC_MSGSEND = YES;
				GCC_C_LANGUAGE_STANDARD = gnu11;
				GCC_NO_COMMON_BLOCKS = YES;
				GCC_WARN_64_TO_32_BIT_CONVERSION = YES;
				GCC_WARN_ABOUT_RETURN_TYPE = YES_ERROR;
				GCC_WARN_UNDECLARED_SELECTOR = YES;
				GCC_WARN_UNINITIALIZED_AUTOS = YES_AGGRESSIVE;
				GCC_WARN_UNUSED_FUNCTION = YES;
				GCC_WARN_UNUSED_VARIABLE = YES;
				IPHONEOS_DEPLOYMENT_TARGET = 14.0;
				MTL_ENABLE_DEBUG_INFO = NO;
				MTL_FAST_MATH = YES;
				SDKROOT = iphoneos;
				SWIFT_COMPILATION_MODE = wholemodule;
				SWIFT_OPTIMIZATION_LEVEL = "-O";
				VALIDATE_PRODUCT = YES;
			};
			name = Release;
		};
		108882F22B539A0D008CAA64 /* Debug */ = {
			isa = XCBuildConfiguration;
			buildSettings = {
				ASSETCATALOG_COMPILER_APPICON_NAME = AppIcon;
				ASSETCATALOG_COMPILER_GLOBAL_ACCENT_COLOR_NAME = AccentColor;
				CODE_SIGN_STYLE = Automatic;
				CURRENT_PROJECT_VERSION = 1;
				DEVELOPMENT_TEAM = 767JC457LD;
				GENERATE_INFOPLIST_FILE = YES;
				INFOPLIST_FILE = Toffee/Info.plist;
				INFOPLIST_KEY_UIApplicationSupportsIndirectInputEvents = YES;
				INFOPLIST_KEY_UILaunchStoryboardName = LaunchScreen;
				INFOPLIST_KEY_UIMainStoryboardFile = Main;
				INFOPLIST_KEY_UISupportedInterfaceOrientations_iPad = "UIInterfaceOrientationPortrait UIInterfaceOrientationPortraitUpsideDown UIInterfaceOrientationLandscapeLeft UIInterfaceOrientationLandscapeRight";
				INFOPLIST_KEY_UISupportedInterfaceOrientations_iPhone = "UIInterfaceOrientationPortrait UIInterfaceOrientationLandscapeLeft UIInterfaceOrientationLandscapeRight";
				IPHONEOS_DEPLOYMENT_TARGET = 14.0;
				LD_RUNPATH_SEARCH_PATHS = (
					"$(inherited)",
					"@executable_path/Frameworks",
				);
				MARKETING_VERSION = 1.0;
				PRODUCT_BUNDLE_IDENTIFIER = com.mdabirhossain.Toffee;
				PRODUCT_NAME = "$(TARGET_NAME)";
				SWIFT_EMIT_LOC_STRINGS = YES;
				SWIFT_VERSION = 5.0;
				TARGETED_DEVICE_FAMILY = "1,2";
			};
			name = Debug;
		};
		108882F32B539A0D008CAA64 /* Release */ = {
			isa = XCBuildConfiguration;
			buildSettings = {
				ASSETCATALOG_COMPILER_APPICON_NAME = AppIcon;
				ASSETCATALOG_COMPILER_GLOBAL_ACCENT_COLOR_NAME = AccentColor;
				CODE_SIGN_STYLE = Automatic;
				CURRENT_PROJECT_VERSION = 1;
				DEVELOPMENT_TEAM = 767JC457LD;
				GENERATE_INFOPLIST_FILE = YES;
				INFOPLIST_FILE = Toffee/Info.plist;
				INFOPLIST_KEY_UIApplicationSupportsIndirectInputEvents = YES;
				INFOPLIST_KEY_UILaunchStoryboardName = LaunchScreen;
				INFOPLIST_KEY_UIMainStoryboardFile = Main;
				INFOPLIST_KEY_UISupportedInterfaceOrientations_iPad = "UIInterfaceOrientationPortrait UIInterfaceOrientationPortraitUpsideDown UIInterfaceOrientationLandscapeLeft UIInterfaceOrientationLandscapeRight";
				INFOPLIST_KEY_UISupportedInterfaceOrientations_iPhone = "UIInterfaceOrientationPortrait UIInterfaceOrientationLandscapeLeft UIInterfaceOrientationLandscapeRight";
				IPHONEOS_DEPLOYMENT_TARGET = 14.0;
				LD_RUNPATH_SEARCH_PATHS = (
					"$(inherited)",
					"@executable_path/Frameworks",
				);
				MARKETING_VERSION = 1.0;
				PRODUCT_BUNDLE_IDENTIFIER = com.mdabirhossain.Toffee;
				PRODUCT_NAME = "$(TARGET_NAME)";
				SWIFT_EMIT_LOC_STRINGS = YES;
				SWIFT_VERSION = 5.0;
				TARGETED_DEVICE_FAMILY = "1,2";
			};
			name = Release;
		};
/* End XCBuildConfiguration section */

/* Begin XCConfigurationList section */
		108882D82B539A0B008CAA64 /* Build configuration list for PBXProject "Toffee" */ = {
			isa = XCConfigurationList;
			buildConfigurations = (
				108882EF2B539A0D008CAA64 /* Debug */,
				108882F02B539A0D008CAA64 /* Release */,
			);
			defaultConfigurationIsVisible = 0;
			defaultConfigurationName = Release;
		};
		108882F12B539A0D008CAA64 /* Build configuration list for PBXNativeTarget "Toffee" */ = {
			isa = XCConfigurationList;
			buildConfigurations = (
				108882F22B539A0D008CAA64 /* Debug */,
				108882F32B539A0D008CAA64 /* Release */,
			);
			defaultConfigurationIsVisible = 0;
			defaultConfigurationName = Release;
		};
/* End XCConfigurationList section */
	};
	rootObject = 108882D52B539A0B008CAA64 /* Project object */;
}
